
Microsoft Visual Studio Solution File, Format Version 12.00
# Visual Studio Version 16
VisualStudioVersion = 16.0.30114.105
MinimumVisualStudioVersion = 10.0.40219.1
Project("{FAE04EC0-301F-11D3-BF4B-00C04F79EFBC}") = "PreworkCodeChallenges", "PreworkCodeChallenges\PreworkCodeChallenges.csproj", "{DB0F31EE-C0E8-450F-B672-5984A3B18137}"
EndProject
Global
	GlobalSection(SolutionConfigurationPlatforms) = preSolution
		Debug|Any CPU = Debug|Any CPU
		Release|Any CPU = Release|Any CPU
	EndGlobalSection
	GlobalSection(ProjectConfigurationPlatforms) = postSolution
		{DB0F31EE-C0E8-450F-B672-5984A3B18137}.Debug|Any CPU.ActiveCfg = Debug|Any CPU
		{DB0F31EE-C0E8-450F-B672-5984A3B18137}.Debug|Any CPU.Build.0 = Debug|Any CPU
		{DB0F31EE-C0E8-450F-B672-5984A3B18137}.Release|Any CPU.ActiveCfg = Release|Any CPU
		{DB0F31EE-C0E8-450F-B672-5984A3B18137}.Release|Any CPU.Build.0 = Release|Any CPU
	EndGlobalSection
	GlobalSection(SolutionProperties) = preSolution
		HideSolutionNode = FALSE
	EndGlobalSection
	GlobalSection(ExtensibilityGlobals) = postSolution
		SolutionGuid = {069E3FA9-490F-4859-A430-B60F82C072BB}
	EndGlobalSection
EndGlobal
